
Microsoft Visual Studio Solution File, Format Version 12.00
# Visual Studio Version 17
VisualStudioVersion = 17.10.35013.160
MinimumVisualStudioVersion = 10.0.40219.1
Project("{FAE04EC0-301F-11D3-BF4B-00C04F79EFBC}") = "TPAO_01", "TPAO_01\TPAO_01.csproj", "{759C1A2A-DC45-4047-BEB5-CBA6A664D2F6}"
EndProject
Global
	GlobalSection(SolutionConfigurationPlatforms) = preSolution
		Debug|Any CPU = Debug|Any CPU
		Release|Any CPU = Release|Any CPU
	EndGlobalSection
	GlobalSection(ProjectConfigurationPlatforms) = postSolution
		{759C1A2A-DC45-4047-BEB5-CBA6A664D2F6}.Debug|Any CPU.ActiveCfg = Debug|Any CPU
		{759C1A2A-DC45-4047-BEB5-CBA6A664D2F6}.Debug|Any CPU.Build.0 = Debug|Any CPU
		{759C1A2A-DC45-4047-BEB5-CBA6A664D2F6}.Release|Any CPU.ActiveCfg = Release|Any CPU
		{759C1A2A-DC45-4047-BEB5-CBA6A664D2F6}.Release|Any CPU.Build.0 = Release|Any CPU
	EndGlobalSection
	GlobalSection(SolutionProperties) = preSolution
		HideSolutionNode = FALSE
	EndGlobalSection
	GlobalSection(ExtensibilityGlobals) = postSolution
		SolutionGuid = {CE9A3091-6632-4BE8-99BF-272165D408F7}
	EndGlobalSection
EndGlobal
